
Microsoft Visual Studio Solution File, Format Version 12.00
# Visual Studio Version 17
VisualStudioVersion = 17.11.35303.130
MinimumVisualStudioVersion = 10.0.40219.1
Project("{8BC9CEB8-8B4A-11D0-8D11-00A0C91BC942}") = "DynamicLibMain", "DynamicLibMain\DynamicLibMain.vcxproj", "{7FBB901D-F4BA-4B02-881A-C10F02A365BE}"
EndProject
Project("{8BC9CEB8-8B4A-11D0-8D11-00A0C91BC942}") = "Leaver", "Leaver\Leaver.vcxproj", "{7AEFF38F-DAA9-4D41-B7E8-660B96EEB7FC}"
EndProject
Global
	GlobalSection(SolutionConfigurationPlatforms) = preSolution
		Debug|x64 = Debug|x64
		Debug|x86 = Debug|x86
		Release|x64 = Release|x64
		Release|x86 = Release|x86
	EndGlobalSection
	GlobalSection(ProjectConfigurationPlatforms) = postSolution
		{7FBB901D-F4BA-4B02-881A-C10F02A365BE}.Debug|x64.ActiveCfg = Debug|x64
		{7FBB901D-F4BA-4B02-881A-C10F02A365BE}.Debug|x64.Build.0 = Debug|x64
		{7FBB901D-F4BA-4B02-881A-C10F02A365BE}.Debug|x86.ActiveCfg = Debug|Win32
		{7FBB901D-F4BA-4B02-881A-C10F02A365BE}.Debug|x86.Build.0 = Debug|Win32
		{7FBB901D-F4BA-4B02-881A-C10F02A365BE}.Release|x64.ActiveCfg = Release|x64
		{7FBB901D-F4BA-4B02-881A-C10F02A365BE}.Release|x64.Build.0 = Release|x64
		{7FBB901D-F4BA-4B02-881A-C10F02A365BE}.Release|x86.ActiveCfg = Release|Win32
		{7FBB901D-F4BA-4B02-881A-C10F02A365BE}.Release|x86.Build.0 = Release|Win32
		{7AEFF38F-DAA9-4D41-B7E8-660B96EEB7FC}.Debug|x64.ActiveCfg = Debug|x64
		{7AEFF38F-DAA9-4D41-B7E8-660B96EEB7FC}.Debug|x64.Build.0 = Debug|x64
		{7AEFF38F-DAA9-4D41-B7E8-660B96EEB7FC}.Debug|x86.ActiveCfg = Debug|Win32
		{7AEFF38F-DAA9-4D41-B7E8-660B96EEB7FC}.Debug|x86.Build.0 = Debug|Win32
		{7AEFF38F-DAA9-4D41-B7E8-660B96EEB7FC}.Release|x64.ActiveCfg = Release|x64
		{7AEFF38F-DAA9-4D41-B7E8-660B96EEB7FC}.Release|x64.Build.0 = Release|x64
		{7AEFF38F-DAA9-4D41-B7E8-660B96EEB7FC}.Release|x86.ActiveCfg = Release|Win32
		{7AEFF38F-DAA9-4D41-B7E8-660B96EEB7FC}.Release|x86.Build.0 = Release|Win32
	EndGlobalSection
	GlobalSection(SolutionProperties) = preSolution
		HideSolutionNode = FALSE
	EndGlobalSection
	GlobalSection(ExtensibilityGlobals) = postSolution
		SolutionGuid = {1243A874-85AD-47D0-85C2-B69F3D0EFA63}
	EndGlobalSection
EndGlobal
